
Microsoft Visual Studio Solution File, Format Version 12.00
# Visual Studio 2015
Project("{FAE04EC0-301F-11D3-BF4B-00C04F79EFBC}") = "ThirdPersonGame.CSharp", "ThirdPersonGame.CSharp.csproj", "{164D1B87-074B-BAB8-B21C-0D2CB3ED7222}"
EndProject
Project("{FAE04EC0-301F-11D3-BF4B-00C04F79EFBC}") = "ThirdPersonGame.CSharp.Editor", "ThirdPersonGame.CSharp.Editor.csproj", "{016EB202-E33E-CC91-D4A7-2B3A2355AA5E}"
EndProject
Global
	GlobalSection(SolutionConfigurationPlatforms) = preSolution
		Debug|Any CPU = Debug|Any CPU
		Release|Any CPU = Release|Any CPU
	EndGlobalSection
	GlobalSection(ProjectConfigurationPlatforms) = postSolution
		{164D1B87-074B-BAB8-B21C-0D2CB3ED7222}.Debug|Any CPU.ActiveCfg = Debug|Any CPU
		{164D1B87-074B-BAB8-B21C-0D2CB3ED7222}.Debug|Any CPU.Build.0 = Debug|Any CPU
		{164D1B87-074B-BAB8-B21C-0D2CB3ED7222}.Release|Any CPU.ActiveCfg = Release|Any CPU
		{164D1B87-074B-BAB8-B21C-0D2CB3ED7222}.Release|Any CPU.Build.0 = Release|Any CPU
		{016EB202-E33E-CC91-D4A7-2B3A2355AA5E}.Debug|Any CPU.ActiveCfg = Debug|Any CPU
		{016EB202-E33E-CC91-D4A7-2B3A2355AA5E}.Debug|Any CPU.Build.0 = Debug|Any CPU
		{016EB202-E33E-CC91-D4A7-2B3A2355AA5E}.Release|Any CPU.ActiveCfg = Release|Any CPU
		{016EB202-E33E-CC91-D4A7-2B3A2355AA5E}.Release|Any CPU.Build.0 = Release|Any CPU
	EndGlobalSection
	GlobalSection(SolutionProperties) = preSolution
		HideSolutionNode = FALSE
	EndGlobalSection
EndGlobal
